// !$*UTF8*$!
{
	archiveVersion = 1;
	classes = {
	};
	objectVersion = 46;
	objects = {

/* Begin PBXBuildFile section */
		3C82EC81085186C4E10CAF2A /* Pods_Realtor_Directory.framework in Frameworks */ = {isa = PBXBuildFile; fileRef = 3D31C4D1EDAB558BBE1CF7B0 /* Pods_Realtor_Directory.framework */; };
		F63A6FF91F0AD62300989AF5 /* RealtorCell.swift in Sources */ = {isa = PBXBuildFile; fileRef = F63A6FF81F0AD62300989AF5 /* RealtorCell.swift */; };
		F63A6FFB1F0AECA800989AF5 /* Realtor.swift in Sources */ = {isa = PBXBuildFile; fileRef = F63A6FFA1F0AECA800989AF5 /* Realtor.swift */; };
		F6680A7B1F0AD12800C9775B /* RoundedOutlineImage.swift in Sources */ = {isa = PBXBuildFile; fileRef = F6680A7A1F0AD12800C9775B /* RoundedOutlineImage.swift */; };
		F6A79A111F0B7697001A5930 /* ColorScheme.swift in Sources */ = {isa = PBXBuildFile; fileRef = F6A79A101F0B7697001A5930 /* ColorScheme.swift */; };
		F6ECD9C31F0C01A00060632C /* PickerViewOutline.swift in Sources */ = {isa = PBXBuildFile; fileRef = F6ECD9C21F0C01A00060632C /* PickerViewOutline.swift */; };
		F6EF411F1F0AC86500A65324 /* AppDelegate.swift in Sources */ = {isa = PBXBuildFile; fileRef = F6EF411E1F0AC86500A65324 /* AppDelegate.swift */; };
		F6EF41211F0AC86500A65324 /* DirectoryVC.swift in Sources */ = {isa = PBXBuildFile; fileRef = F6EF41201F0AC86500A65324 /* DirectoryVC.swift */; };
		F6EF41241F0AC86500A65324 /* Main.storyboard in Resources */ = {isa = PBXBuildFile; fileRef = F6EF41221F0AC86500A65324 /* Main.storyboard */; };
		F6EF41261F0AC86500A65324 /* Assets.xcassets in Resources */ = {isa = PBXBuildFile; fileRef = F6EF41251F0AC86500A65324 /* Assets.xcassets */; };
		F6EF41291F0AC86500A65324 /* LaunchScreen.storyboard in Resources */ = {isa = PBXBuildFile; fileRef = F6EF41271F0AC86500A65324 /* LaunchScreen.storyboard */; };
/* End PBXBuildFile section */

/* Begin PBXFileReference section */
		3D31C4D1EDAB558BBE1CF7B0 /* Pods_Realtor_Directory.framework */ = {isa = PBXFileReference; explicitFileType = wrapper.framework; includeInIndex = 0; path = Pods_Realtor_Directory.framework; sourceTree = BUILT_PRODUCTS_DIR; };
		6099776380AC2A1859826B4F /* Pods-Realtor Directory.debug.xcconfig */ = {isa = PBXFileReference; includeInIndex = 1; lastKnownFileType = text.xcconfig; name = "Pods-Realtor Directory.debug.xcconfig"; path = "Pods/Target Support Files/Pods-Realtor Directory/Pods-Realtor Directory.debug.xcconfig"; sourceTree = "<group>"; };
		D7AC88DB51F030B6C1E39A7C /* Pods-Realtor Directory.release.xcconfig */ = {isa = PBXFileReference; includeInIndex = 1; lastKnownFileType = text.xcconfig; name = "Pods-Realtor Directory.release.xcconfig"; path = "Pods/Target Support Files/Pods-Realtor Directory/Pods-Realtor Directory.release.xcconfig"; sourceTree = "<group>"; };
		F63A6FF81F0AD62300989AF5 /* RealtorCell.swift */ = {isa = PBXFileReference; fileEncoding = 4; lastKnownFileType = sourcecode.swift; path = RealtorCell.swift; sourceTree = "<group>"; };
		F63A6FFA1F0AECA800989AF5 /* Realtor.swift */ = {isa = PBXFileReference; fileEncoding = 4; lastKnownFileType = sourcecode.swift; path = Realtor.swift; sourceTree = "<group>"; };
		F6680A7A1F0AD12800C9775B /* RoundedOutlineImage.swift */ = {isa = PBXFileReference; fileEncoding = 4; lastKnownFileType = sourcecode.swift; path = RoundedOutlineImage.swift; sourceTree = "<group>"; };
		F6A79A101F0B7697001A5930 /* ColorScheme.swift */ = {isa = PBXFileReference; fileEncoding = 4; lastKnownFileType = sourcecode.swift; path = ColorScheme.swift; sourceTree = "<group>"; };
		F6ECD9C21F0C01A00060632C /* PickerViewOutline.swift */ = {isa = PBXFileReference; fileEncoding = 4; lastKnownFileType = sourcecode.swift; path = PickerViewOutline.swift; sourceTree = "<group>"; };
		F6EF411B1F0AC86500A65324 /* Realtor Directory.app */ = {isa = PBXFileReference; explicitFileType = wrapper.application; includeInIndex = 0; path = "Realtor Directory.app"; sourceTree = BUILT_PRODUCTS_DIR; };
		F6EF411E1F0AC86500A65324 /* AppDelegate.swift */ = {isa = PBXFileReference; lastKnownFileType = sourcecode.swift; path = AppDelegate.swift; sourceTree = "<group>"; };
		F6EF41201F0AC86500A65324 /* DirectoryVC.swift */ = {isa = PBXFileReference; lastKnownFileType = sourcecode.swift; path = DirectoryVC.swift; sourceTree = "<group>"; };
		F6EF41231F0AC86500A65324 /* Base */ = {isa = PBXFileReference; lastKnownFileType = file.storyboard; name = Base; path = Base.lproj/Main.storyboard; sourceTree = "<group>"; };
		F6EF41251F0AC86500A65324 /* Assets.xcassets */ = {isa = PBXFileReference; lastKnownFileType = folder.assetcatalog; path = Assets.xcassets; sourceTree = "<group>"; };
		F6EF41281F0AC86500A65324 /* Base */ = {isa = PBXFileReference; lastKnownFileType = file.storyboard; name = Base; path = Base.lproj/LaunchScreen.storyboard; sourceTree = "<group>"; };
		F6EF412A1F0AC86500A65324 /* Info.plist */ = {isa = PBXFileReference; lastKnownFileType = text.plist.xml; path = Info.plist; sourceTree = "<group>"; };
/* End PBXFileReference section */

/* Begin PBXFrameworksBuildPhase section */
		F6EF41181F0AC86500A65324 /* Frameworks */ = {
			isa = PBXFrameworksBuildPhase;
			buildActionMask = 2147483647;
			files = (
				3C82EC81085186C4E10CAF2A /* Pods_Realtor_Directory.framework in Frameworks */,
			);
			runOnlyForDeploymentPostprocessing = 0;
		};
/* End PBXFrameworksBuildPhase section */

/* Begin PBXGroup section */
		954991F58434167540CB3780 /* Frameworks */ = {
			isa = PBXGroup;
			children = (
				3D31C4D1EDAB558BBE1CF7B0 /* Pods_Realtor_Directory.framework */,
			);
			name = Frameworks;
			sourceTree = "<group>";
		};
		CE1EE7B4D4F9E1D8C34A0859 /* Pods */ = {
			isa = PBXGroup;
			children = (
				6099776380AC2A1859826B4F /* Pods-Realtor Directory.debug.xcconfig */,
				D7AC88DB51F030B6C1E39A7C /* Pods-Realtor Directory.release.xcconfig */,
			);
			name = Pods;
			sourceTree = "<group>";
		};
		F6680A751F0AD05C00C9775B /* Model */ = {
			isa = PBXGroup;
			children = (
				F63A6FFA1F0AECA800989AF5 /* Realtor.swift */,
			);
			name = Model;
			sourceTree = "<group>";
		};
		F6680A761F0AD07F00C9775B /* View */ = {
			isa = PBXGroup;
			children = (
				F6ECD9C21F0C01A00060632C /* PickerViewOutline.swift */,
				F6680A7A1F0AD12800C9775B /* RoundedOutlineImage.swift */,
				F63A6FF81F0AD62300989AF5 /* RealtorCell.swift */,
			);
			name = View;
			sourceTree = "<group>";
		};
		F6680A771F0AD08400C9775B /* Controller */ = {
			isa = PBXGroup;
			children = (
				F6EF41201F0AC86500A65324 /* DirectoryVC.swift */,
			);
			name = Controller;
			sourceTree = "<group>";
		};
		F6A79A0D1F0B766D001A5930 /* Resources */ = {
			isa = PBXGroup;
			children = (
				F6A79A101F0B7697001A5930 /* ColorScheme.swift */,
			);
			name = Resources;
			sourceTree = "<group>";
		};
		F6EF41121F0AC86500A65324 = {
			isa = PBXGroup;
			children = (
				F6EF411D1F0AC86500A65324 /* Realtor Directory */,
				F6EF411C1F0AC86500A65324 /* Products */,
				CE1EE7B4D4F9E1D8C34A0859 /* Pods */,
				954991F58434167540CB3780 /* Frameworks */,
			);
			sourceTree = "<group>";
		};
		F6EF411C1F0AC86500A65324 /* Products */ = {
			isa = PBXGroup;
			children = (
				F6EF411B1F0AC86500A65324 /* Realtor Directory.app */,
			);
			name = Products;
			sourceTree = "<group>";
		};
		F6EF411D1F0AC86500A65324 /* Realtor Directory */ = {
			isa = PBXGroup;
			children = (
				F6A79A0D1F0B766D001A5930 /* Resources */,
				F6680A751F0AD05C00C9775B /* Model */,
				F6680A761F0AD07F00C9775B /* View */,
				F6680A771F0AD08400C9775B /* Controller */,
				F6EF411E1F0AC86500A65324 /* AppDelegate.swift */,
				F6EF41221F0AC86500A65324 /* Main.storyboard */,
				F6EF41251F0AC86500A65324 /* Assets.xcassets */,
				F6EF41271F0AC86500A65324 /* LaunchScreen.storyboard */,
				F6EF412A1F0AC86500A65324 /* Info.plist */,
			);
			path = "Realtor Directory";
			sourceTree = "<group>";
		};
/* End PBXGroup section */

/* Begin PBXNativeTarget section */
		F6EF411A1F0AC86500A65324 /* Realtor Directory */ = {
			isa = PBXNativeTarget;
			buildConfigurationList = F6EF412D1F0AC86500A65324 /* Build configuration list for PBXNativeTarget "Realtor Directory" */;
			buildPhases = (
				3A7C656859D7194862F2D654 /* [CP] Check Pods Manifest.lock */,
				F6EF41171F0AC86500A65324 /* Sources */,
				F6EF41181F0AC86500A65324 /* Frameworks */,
				F6EF41191F0AC86500A65324 /* Resources */,
				49CA2BD679CC42773AD9A498 /* [CP] Embed Pods Frameworks */,
				E559C9D1DEE68C552DAB44BC /* [CP] Copy Pods Resources */,
			);
			buildRules = (
			);
			dependencies = (
			);
			name = "Realtor Directory";
			productName = "Realtor Directory";
			productReference = F6EF411B1F0AC86500A65324 /* Realtor Directory.app */;
			productType = "com.apple.product-type.application";
		};
/* End PBXNativeTarget section */

/* Begin PBXProject section */
		F6EF41131F0AC86500A65324 /* Project object */ = {
			isa = PBXProject;
			attributes = {
				LastSwiftUpdateCheck = 0830;
				LastUpgradeCheck = 0830;
				ORGANIZATIONNAME = "Lane Faison";
				TargetAttributes = {
					F6EF411A1F0AC86500A65324 = {
						CreatedOnToolsVersion = 8.3.3;
						DevelopmentTeam = 34KC4VR7Y2;
						ProvisioningStyle = Automatic;
					};
				};
			};
			buildConfigurationList = F6EF41161F0AC86500A65324 /* Build configuration list for PBXProject "Realtor Directory" */;
			compatibilityVersion = "Xcode 3.2";
			developmentRegion = English;
			hasScannedForEncodings = 0;
			knownRegions = (
				en,
				Base,
			);
			mainGroup = F6EF41121F0AC86500A65324;
			productRefGroup = F6EF411C1F0AC86500A65324 /* Products */;
			projectDirPath = "";
			projectRoot = "";
			targets = (
				F6EF411A1F0AC86500A65324 /* Realtor Directory */,
			);
		};
/* End PBXProject section */

/* Begin PBXResourcesBuildPhase section */
		F6EF41191F0AC86500A65324 /* Resources */ = {
			isa = PBXResourcesBuildPhase;
			buildActionMask = 2147483647;
			files = (
				F6EF41291F0AC86500A65324 /* LaunchScreen.storyboard in Resources */,
				F6EF41261F0AC86500A65324 /* Assets.xcassets in Resources */,
				F6EF41241F0AC86500A65324 /* Main.storyboard in Resources */,
			);
			runOnlyForDeploymentPostprocessing = 0;
		};
/* End PBXResourcesBuildPhase section */

/* Begin PBXShellScriptBuildPhase section */
		3A7C656859D7194862F2D654 /* [CP] Check Pods Manifest.lock */ = {
			isa = PBXShellScriptBuildPhase;
			buildActionMask = 2147483647;
			files = (
			);
			inputPaths = (
			);
			name = "[CP] Check Pods Manifest.lock";
			outputPaths = (
			);
			runOnlyForDeploymentPostprocessing = 0;
			shellPath = /bin/sh;
			shellScript = "diff \"${PODS_PODFILE_DIR_PATH}/Podfile.lock\" \"${PODS_ROOT}/Manifest.lock\" > /dev/null\nif [ $? != 0 ] ; then\n    # print error to STDERR\n    echo \"error: The sandbox is not in sync with the Podfile.lock. Run 'pod install' or update your CocoaPods installation.\" >&2\n    exit 1\nfi\n";
			showEnvVarsInLog = 0;
		};
		49CA2BD679CC42773AD9A498 /* [CP] Embed Pods Frameworks */ = {
			isa = PBXShellScriptBuildPhase;
			buildActionMask = 2147483647;
			files = (
			);
			inputPaths = (
			);
			name = "[CP] Embed Pods Frameworks";
			outputPaths = (
			);
			runOnlyForDeploymentPostprocessing = 0;
			shellPath = /bin/sh;
			shellScript = "\"${SRCROOT}/Pods/Target Support Files/Pods-Realtor Directory/Pods-Realtor Directory-frameworks.sh\"\n";
			showEnvVarsInLog = 0;
		};
		E559C9D1DEE68C552DAB44BC /* [CP] Copy Pods Resources */ = {
			isa = PBXShellScriptBuildPhase;
			buildActionMask = 2147483647;
			files = (
			);
			inputPaths = (
			);
			name = "[CP] Copy Pods Resources";
			outputPaths = (
			);
			runOnlyForDeploymentPostprocessing = 0;
			shellPath = /bin/sh;
			shellScript = "\"${SRCROOT}/Pods/Target Support Files/Pods-Realtor Directory/Pods-Realtor Directory-resources.sh\"\n";
			showEnvVarsInLog = 0;
		};
/* End PBXShellScriptBuildPhase section */

/* Begin PBXSourcesBuildPhase section */
		F6EF41171F0AC86500A65324 /* Sources */ = {
			isa = PBXSourcesBuildPhase;
			buildActionMask = 2147483647;
			files = (
				F6680A7B1F0AD12800C9775B /* RoundedOutlineImage.swift in Sources */,
				F63A6FF91F0AD62300989AF5 /* RealtorCell.swift in Sources */,
				F6EF41211F0AC86500A65324 /* DirectoryVC.swift in Sources */,
				F63A6FFB1F0AECA800989AF5 /* Realtor.swift in Sources */,
				F6A79A111F0B7697001A5930 /* ColorScheme.swift in Sources */,
				F6ECD9C31F0C01A00060632C /* PickerViewOutline.swift in Sources */,
				F6EF411F1F0AC86500A65324 /* AppDelegate.swift in Sources */,
			);
			runOnlyForDeploymentPostprocessing = 0;
		};
/* End PBXSourcesBuildPhase section */

/* Begin PBXVariantGroup section */
		F6EF41221F0AC86500A65324 /* Main.storyboard */ = {
			isa = PBXVariantGroup;
			children = (
				F6EF41231F0AC86500A65324 /* Base */,
			);
			name = Main.storyboard;
			sourceTree = "<group>";
		};
		F6EF41271F0AC86500A65324 /* LaunchScreen.storyboard */ = {
			isa = PBXVariantGroup;
			children = (
				F6EF41281F0AC86500A65324 /* Base */,
			);
			name = LaunchScreen.storyboard;
			sourceTree = "<group>";
		};
/* End PBXVariantGroup section */

/* Begin XCBuildConfiguration section */
		F6EF412B1F0AC86500A65324 /* Debug */ = {
			isa = XCBuildConfiguration;
			buildSettings = {
				ALWAYS_SEARCH_USER_PATHS = NO;
				CLANG_ANALYZER_NONNULL = YES;
				CLANG_ANALYZER_NUMBER_OBJECT_CONVERSION = YES_AGGRESSIVE;
				CLANG_CXX_LANGUAGE_STANDARD = "gnu++0x";
				CLANG_CXX_LIBRARY = "libc++";
				CLANG_ENABLE_MODULES = YES;
				CLANG_ENABLE_OBJC_ARC = YES;
				CLANG_WARN_BOOL_CONVERSION = YES;
				CLANG_WARN_CONSTANT_CONVERSION = YES;
				CLANG_WARN_DIRECT_OBJC_ISA_USAGE = YES_ERROR;
				CLANG_WARN_DOCUMENTATION_COMMENTS = YES;
				CLANG_WARN_EMPTY_BODY = YES;
				CLANG_WARN_ENUM_CONVERSION = YES;
				CLANG_WARN_INFINITE_RECURSION = YES;
				CLANG_WARN_INT_CONVERSION = YES;
				CLANG_WARN_OBJC_ROOT_CLASS = YES_ERROR;
				CLANG_WARN_SUSPICIOUS_MOVE = YES;
				CLANG_WARN_UNREACHABLE_CODE = YES;
				CLANG_WARN__DUPLICATE_METHOD_MATCH = YES;
				"CODE_SIGN_IDENTITY[sdk=iphoneos*]" = "iPhone Developer";
				COPY_PHASE_STRIP = NO;
				DEBUG_INFORMATION_FORMAT = dwarf;
				ENABLE_STRICT_OBJC_MSGSEND = YES;
				ENABLE_TESTABILITY = YES;
				GCC_C_LANGUAGE_STANDARD = gnu99;
				GCC_DYNAMIC_NO_PIC = NO;
				GCC_NO_COMMON_BLOCKS = YES;
				GCC_OPTIMIZATION_LEVEL = 0;
				GCC_PREPROCESSOR_DEFINITIONS = (
					"DEBUG=1",
					"$(inherited)",
				);
				GCC_WARN_64_TO_32_BIT_CONVERSION = YES;
				GCC_WARN_ABOUT_RETURN_TYPE = YES_ERROR;
				GCC_WARN_UNDECLARED_SELECTOR = YES;
				GCC_WARN_UNINITIALIZED_AUTOS = YES_AGGRESSIVE;
				GCC_WARN_UNUSED_FUNCTION = YES;
				GCC_WARN_UNUSED_VARIABLE = YES;
				IPHONEOS_DEPLOYMENT_TARGET = 10.3;
				MTL_ENABLE_DEBUG_INFO = YES;
				ONLY_ACTIVE_ARCH = YES;
				SDKROOT = iphoneos;
				SWIFT_ACTIVE_COMPILATION_CONDITIONS = DEBUG;
				SWIFT_OPTIMIZATION_LEVEL = "-Onone";
			};
			name = Debug;
		};
		F6EF412C1F0AC86500A65324 /* Release */ = {
			isa = XCBuildConfiguration;
			buildSettings = {
				ALWAYS_SEARCH_USER_PATHS = NO;
				CLANG_ANALYZER_NONNULL = YES;
				CLANG_ANALYZER_NUMBER_OBJECT_CONVERSION = YES_AGGRESSIVE;
				CLANG_CXX_LANGUAGE_STANDARD = "gnu++0x";
				CLANG_CXX_LIBRARY = "libc++";
				CLANG_ENABLE_MODULES = YES;
				CLANG_ENABLE_OBJC_ARC = YES;
				CLANG_WARN_BOOL_CONVERSION = YES;
				CLANG_WARN_CONSTANT_CONVERSION = YES;
				CLANG_WARN_DIRECT_OBJC_ISA_USAGE = YES_ERROR;
				CLANG_WARN_DOCUMENTATION_COMMENTS = YES;
				CLANG_WARN_EMPTY_BODY = YES;
				CLANG_WARN_ENUM_CONVERSION = YES;
				CLANG_WARN_INFINITE_RECURSION = YES;
				CLANG_WARN_INT_CONVERSION = YES;
				CLANG_WARN_OBJC_ROOT_CLASS = YES_ERROR;
				CLANG_WARN_SUSPICIOUS_MOVE = YES;
				CLANG_WARN_UNREACHABLE_CODE = YES;
				CLANG_WARN__DUPLICATE_METHOD_MATCH = YES;
				"CODE_SIGN_IDENTITY[sdk=iphoneos*]" = "iPhone Developer";
				COPY_PHASE_STRIP = NO;
				DEBUG_INFORMATION_FORMAT = "dwarf-with-dsym";
				ENABLE_NS_ASSERTIONS = NO;
				ENABLE_STRICT_OBJC_MSGSEND = YES;
				GCC_C_LANGUAGE_STANDARD = gnu99;
				GCC_NO_COMMON_BLOCKS = YES;
				GCC_WARN_64_TO_32_BIT_CONVERSION = YES;
				GCC_WARN_ABOUT_RETURN_TYPE = YES_ERROR;
				GCC_WARN_UNDECLARED_SELECTOR = YES;
				GCC_WARN_UNINITIALIZED_AUTOS = YES_AGGRESSIVE;
				GCC_WARN_UNUSED_FUNCTION = YES;
				GCC_WARN_UNUSED_VARIABLE = YES;
				IPHONEOS_DEPLOYMENT_TARGET = 10.3;
				MTL_ENABLE_DEBUG_INFO = NO;
				SDKROOT = iphoneos;
				SWIFT_OPTIMIZATION_LEVEL = "-Owholemodule";
				VALIDATE_PRODUCT = YES;
			};
			name = Release;
		};
		F6EF412E1F0AC86500A65324 /* Debug */ = {
			isa = XCBuildConfiguration;
			baseConfigurationReference = 6099776380AC2A1859826B4F /* Pods-Realtor Directory.debug.xcconfig */;
			buildSettings = {
				ASSETCATALOG_COMPILER_APPICON_NAME = AppIcon;
				DEVELOPMENT_TEAM = 34KC4VR7Y2;
				INFOPLIST_FILE = "Realtor Directory/Info.plist";
				LD_RUNPATH_SEARCH_PATHS = "$(inherited) @executable_path/Frameworks";
				PRODUCT_BUNDLE_IDENTIFIER = "com.lanefaison.Realtor-Directory";
				PRODUCT_NAME = "$(TARGET_NAME)";
				SWIFT_VERSION = 3.0;
			};
			name = Debug;
		};
		F6EF412F1F0AC86500A65324 /* Release */ = {
			isa = XCBuildConfiguration;
			baseConfigurationReference = D7AC88DB51F030B6C1E39A7C /* Pods-Realtor Directory.release.xcconfig */;
			buildSettings = {
				ASSETCATALOG_COMPILER_APPICON_NAME = AppIcon;
				DEVELOPMENT_TEAM = 34KC4VR7Y2;
				INFOPLIST_FILE = "Realtor Directory/Info.plist";
				LD_RUNPATH_SEARCH_PATHS = "$(inherited) @executable_path/Frameworks";
				PRODUCT_BUNDLE_IDENTIFIER = "com.lanefaison.Realtor-Directory";
				PRODUCT_NAME = "$(TARGET_NAME)";
				SWIFT_VERSION = 3.0;
			};
			name = Release;
		};
/* End XCBuildConfiguration section */

/* Begin XCConfigurationList section */
		F6EF41161F0AC86500A65324 /* Build configuration list for PBXProject "Realtor Directory" */ = {
			isa = XCConfigurationList;
			buildConfigurations = (
				F6EF412B1F0AC86500A65324 /* Debug */,
				F6EF412C1F0AC86500A65324 /* Release */,
			);
			defaultConfigurationIsVisible = 0;
			defaultConfigurationName = Release;
		};
		F6EF412D1F0AC86500A65324 /* Build configuration list for PBXNativeTarget "Realtor Directory" */ = {
			isa = XCConfigurationList;
			buildConfigurations = (
				F6EF412E1F0AC86500A65324 /* Debug */,
				F6EF412F1F0AC86500A65324 /* Release */,
			);
			defaultConfigurationIsVisible = 0;
			defaultConfigurationName = Release;
		};
/* End XCConfigurationList section */
	};
	rootObject = F6EF41131F0AC86500A65324 /* Project object */;
}
